
Microsoft Visual Studio Solution File, Format Version 12.00
# Visual Studio Version 17
VisualStudioVersion = 17.11.35303.130
MinimumVisualStudioVersion = 10.0.40219.1
Project("{9A19103F-16F7-4668-BE54-9A1E7A4F7556}") = "utgiftsoversikt", "utgiftsoversikt\utgiftsoversikt.csproj", "{DCBA7FFB-AAFD-4A25-9500-98C3D7723FCE}"
EndProject
Project("{9A19103F-16F7-4668-BE54-9A1E7A4F7556}") = "utgiftsoversikt.AppHost", "utgiftsoversikt.AppHost\utgiftsoversikt.AppHost.csproj", "{73886DEF-CFC1-46DC-9356-0B9FBFE12361}"
EndProject
Project("{9A19103F-16F7-4668-BE54-9A1E7A4F7556}") = "utgiftsoversikt.ServiceDefaults", "utgiftsoversikt.ServiceDefaults\utgiftsoversikt.ServiceDefaults.csproj", "{D31EBD70-FA99-47A3-B9D0-703E00361EE2}"
EndProject
Project("{9A19103F-16F7-4668-BE54-9A1E7A4F7556}") = "ReactApp1.Server", "..\..\..\..\FullStack\ReactApp1\ReactApp1.Server\ReactApp1.Server.csproj", "{56A5DE44-0A44-4B4A-AF0B-5B4A13280B38}"
EndProject
Project("{54A90642-561A-4BB1-A94E-469ADEE60C69}") = "reactapp1.client", "..\..\..\..\FullStack\ReactApp1\reactapp1.client\reactapp1.client.esproj", "{3FA6BB57-9A80-4721-9363-FC5AEB30AC2B}"
EndProject
Project("{9A19103F-16F7-4668-BE54-9A1E7A4F7556}") = "ReactApp10.Server", "..\..\..\..\FullStack\ReactApp10\ReactApp10.Server\ReactApp10.Server.csproj", "{0B8B003E-3502-4972-A462-B3377827634D}"
EndProject
Global
	GlobalSection(SolutionConfigurationPlatforms) = preSolution
		Debug|Any CPU = Debug|Any CPU
		Release|Any CPU = Release|Any CPU
	EndGlobalSection
	GlobalSection(ProjectConfigurationPlatforms) = postSolution
		{DCBA7FFB-AAFD-4A25-9500-98C3D7723FCE}.Debug|Any CPU.ActiveCfg = Debug|Any CPU
		{DCBA7FFB-AAFD-4A25-9500-98C3D7723FCE}.Debug|Any CPU.Build.0 = Debug|Any CPU
		{DCBA7FFB-AAFD-4A25-9500-98C3D7723FCE}.Release|Any CPU.ActiveCfg = Release|Any CPU
		{DCBA7FFB-AAFD-4A25-9500-98C3D7723FCE}.Release|Any CPU.Build.0 = Release|Any CPU
		{73886DEF-CFC1-46DC-9356-0B9FBFE12361}.Debug|Any CPU.ActiveCfg = Debug|Any CPU
		{73886DEF-CFC1-46DC-9356-0B9FBFE12361}.Debug|Any CPU.Build.0 = Debug|Any CPU
		{73886DEF-CFC1-46DC-9356-0B9FBFE12361}.Release|Any CPU.ActiveCfg = Release|Any CPU
		{73886DEF-CFC1-46DC-9356-0B9FBFE12361}.Release|Any CPU.Build.0 = Release|Any CPU
		{D31EBD70-FA99-47A3-B9D0-703E00361EE2}.Debug|Any CPU.ActiveCfg = Debug|Any CPU
		{D31EBD70-FA99-47A3-B9D0-703E00361EE2}.Debug|Any CPU.Build.0 = Debug|Any CPU
		{D31EBD70-FA99-47A3-B9D0-703E00361EE2}.Release|Any CPU.ActiveCfg = Release|Any CPU
		{D31EBD70-FA99-47A3-B9D0-703E00361EE2}.Release|Any CPU.Build.0 = Release|Any CPU
		{56A5DE44-0A44-4B4A-AF0B-5B4A13280B38}.Debug|Any CPU.ActiveCfg = Debug|Any CPU
		{56A5DE44-0A44-4B4A-AF0B-5B4A13280B38}.Debug|Any CPU.Build.0 = Debug|Any CPU
		{56A5DE44-0A44-4B4A-AF0B-5B4A13280B38}.Release|Any CPU.ActiveCfg = Release|Any CPU
		{56A5DE44-0A44-4B4A-AF0B-5B4A13280B38}.Release|Any CPU.Build.0 = Release|Any CPU
		{3FA6BB57-9A80-4721-9363-FC5AEB30AC2B}.Debug|Any CPU.ActiveCfg = Debug|Any CPU
		{3FA6BB57-9A80-4721-9363-FC5AEB30AC2B}.Debug|Any CPU.Build.0 = Debug|Any CPU
		{3FA6BB57-9A80-4721-9363-FC5AEB30AC2B}.Debug|Any CPU.Deploy.0 = Debug|Any CPU
		{3FA6BB57-9A80-4721-9363-FC5AEB30AC2B}.Release|Any CPU.ActiveCfg = Release|Any CPU
		{3FA6BB57-9A80-4721-9363-FC5AEB30AC2B}.Release|Any CPU.Build.0 = Release|Any CPU
		{3FA6BB57-9A80-4721-9363-FC5AEB30AC2B}.Release|Any CPU.Deploy.0 = Release|Any CPU
		{0B8B003E-3502-4972-A462-B3377827634D}.Debug|Any CPU.ActiveCfg = Debug|Any CPU
		{0B8B003E-3502-4972-A462-B3377827634D}.Debug|Any CPU.Build.0 = Debug|Any CPU
		{0B8B003E-3502-4972-A462-B3377827634D}.Release|Any CPU.ActiveCfg = Release|Any CPU
		{0B8B003E-3502-4972-A462-B3377827634D}.Release|Any CPU.Build.0 = Release|Any CPU
	EndGlobalSection
	GlobalSection(SolutionProperties) = preSolution
		HideSolutionNode = FALSE
	EndGlobalSection
	GlobalSection(ExtensibilityGlobals) = postSolution
		SolutionGuid = {8A873E1C-C936-49F7-BD39-83F5CAC431FB}
	EndGlobalSection
EndGlobal
