
Microsoft Visual Studio Solution File, Format Version 12.00
# Visual Studio Version 17
VisualStudioVersion = 17.11.35303.130
MinimumVisualStudioVersion = 10.0.40219.1
Project("{FAE04EC0-301F-11D3-BF4B-00C04F79EFBC}") = "Utgiftsoversikt.API", "Utgiftsoversikt.API\Utgiftsoversikt.API.csproj", "{399DE919-BBCC-4E90-906D-B644E0488486}"
EndProject
Global
	GlobalSection(SolutionConfigurationPlatforms) = preSolution
		Debug|Any CPU = Debug|Any CPU
		Release|Any CPU = Release|Any CPU
	EndGlobalSection
	GlobalSection(ProjectConfigurationPlatforms) = postSolution
		{399DE919-BBCC-4E90-906D-B644E0488486}.Debug|Any CPU.ActiveCfg = Debug|Any CPU
		{399DE919-BBCC-4E90-906D-B644E0488486}.Debug|Any CPU.Build.0 = Debug|Any CPU
		{399DE919-BBCC-4E90-906D-B644E0488486}.Release|Any CPU.ActiveCfg = Release|Any CPU
		{399DE919-BBCC-4E90-906D-B644E0488486}.Release|Any CPU.Build.0 = Release|Any CPU
	EndGlobalSection
	GlobalSection(SolutionProperties) = preSolution
		HideSolutionNode = FALSE
	EndGlobalSection
	GlobalSection(ExtensibilityGlobals) = postSolution
		SolutionGuid = {90D13823-5874-4DF4-9676-FFAA536718F6}
	EndGlobalSection
EndGlobal
